// !$*UTF8*$!
{
	archiveVersion = 1;
	classes = {
	};
	objectVersion = 46;
	objects = {

/* Begin PBXBuildFile section */
		591692261DA2ABA8005A158E /* GeneralHelper.swift in Sources */ = {isa = PBXBuildFile; fileRef = 591692251DA2ABA8005A158E /* GeneralHelper.swift */; };
		5930DA2F1DA2A3080060E454 /* AppDelegate.swift in Sources */ = {isa = PBXBuildFile; fileRef = 5930DA2E1DA2A3080060E454 /* AppDelegate.swift */; };
		5930DA311DA2A3080060E454 /* CanvasViewController.swift in Sources */ = {isa = PBXBuildFile; fileRef = 5930DA301DA2A3080060E454 /* CanvasViewController.swift */; };
		5930DA341DA2A3080060E454 /* Main.storyboard in Resources */ = {isa = PBXBuildFile; fileRef = 5930DA321DA2A3080060E454 /* Main.storyboard */; };
		5930DA361DA2A3080060E454 /* Assets.xcassets in Resources */ = {isa = PBXBuildFile; fileRef = 5930DA351DA2A3080060E454 /* Assets.xcassets */; };
		5930DA391DA2A3080060E454 /* LaunchScreen.storyboard in Resources */ = {isa = PBXBuildFile; fileRef = 5930DA371DA2A3080060E454 /* LaunchScreen.storyboard */; };
		5930DA441DA2A3080060E454 /* iMovieWallPaperTests.swift in Sources */ = {isa = PBXBuildFile; fileRef = 5930DA431DA2A3080060E454 /* iMovieWallPaperTests.swift */; };
		5930DA4F1DA2A3080060E454 /* iMovieWallPaperUITests.swift in Sources */ = {isa = PBXBuildFile; fileRef = 5930DA4E1DA2A3080060E454 /* iMovieWallPaperUITests.swift */; };
/* End PBXBuildFile section */

/* Begin PBXContainerItemProxy section */
		5930DA401DA2A3080060E454 /* PBXContainerItemProxy */ = {
			isa = PBXContainerItemProxy;
			containerPortal = 5930DA231DA2A3080060E454 /* Project object */;
			proxyType = 1;
			remoteGlobalIDString = 5930DA2A1DA2A3080060E454;
			remoteInfo = iMovieWallPaper;
		};
		5930DA4B1DA2A3080060E454 /* PBXContainerItemProxy */ = {
			isa = PBXContainerItemProxy;
			containerPortal = 5930DA231DA2A3080060E454 /* Project object */;
			proxyType = 1;
			remoteGlobalIDString = 5930DA2A1DA2A3080060E454;
			remoteInfo = iMovieWallPaper;
		};
/* End PBXContainerItemProxy section */

/* Begin PBXFileReference section */
		591692251DA2ABA8005A158E /* GeneralHelper.swift */ = {isa = PBXFileReference; fileEncoding = 4; lastKnownFileType = sourcecode.swift; name = GeneralHelper.swift; path = CODE/GeneralHelper.swift; sourceTree = "<group>"; };
		5930DA2B1DA2A3080060E454 /* iMovieWallPaper.app */ = {isa = PBXFileReference; explicitFileType = wrapper.application; includeInIndex = 0; path = iMovieWallPaper.app; sourceTree = BUILT_PRODUCTS_DIR; };
		5930DA2E1DA2A3080060E454 /* AppDelegate.swift */ = {isa = PBXFileReference; lastKnownFileType = sourcecode.swift; path = AppDelegate.swift; sourceTree = "<group>"; };
		5930DA301DA2A3080060E454 /* CanvasViewController.swift */ = {isa = PBXFileReference; lastKnownFileType = sourcecode.swift; path = CanvasViewController.swift; sourceTree = "<group>"; };
		5930DA331DA2A3080060E454 /* Base */ = {isa = PBXFileReference; lastKnownFileType = file.storyboard; name = Base; path = Base.lproj/Main.storyboard; sourceTree = "<group>"; };
		5930DA351DA2A3080060E454 /* Assets.xcassets */ = {isa = PBXFileReference; lastKnownFileType = folder.assetcatalog; path = Assets.xcassets; sourceTree = "<group>"; };
		5930DA381DA2A3080060E454 /* Base */ = {isa = PBXFileReference; lastKnownFileType = file.storyboard; name = Base; path = Base.lproj/LaunchScreen.storyboard; sourceTree = "<group>"; };
		5930DA3A1DA2A3080060E454 /* Info.plist */ = {isa = PBXFileReference; lastKnownFileType = text.plist.xml; path = Info.plist; sourceTree = "<group>"; };
		5930DA3F1DA2A3080060E454 /* iMovieWallPaperTests.xctest */ = {isa = PBXFileReference; explicitFileType = wrapper.cfbundle; includeInIndex = 0; path = iMovieWallPaperTests.xctest; sourceTree = BUILT_PRODUCTS_DIR; };
		5930DA431DA2A3080060E454 /* iMovieWallPaperTests.swift */ = {isa = PBXFileReference; lastKnownFileType = sourcecode.swift; path = iMovieWallPaperTests.swift; sourceTree = "<group>"; };
		5930DA451DA2A3080060E454 /* Info.plist */ = {isa = PBXFileReference; lastKnownFileType = text.plist.xml; path = Info.plist; sourceTree = "<group>"; };
		5930DA4A1DA2A3080060E454 /* iMovieWallPaperUITests.xctest */ = {isa = PBXFileReference; explicitFileType = wrapper.cfbundle; includeInIndex = 0; path = iMovieWallPaperUITests.xctest; sourceTree = BUILT_PRODUCTS_DIR; };
		5930DA4E1DA2A3080060E454 /* iMovieWallPaperUITests.swift */ = {isa = PBXFileReference; lastKnownFileType = sourcecode.swift; path = iMovieWallPaperUITests.swift; sourceTree = "<group>"; };
		5930DA501DA2A3080060E454 /* Info.plist */ = {isa = PBXFileReference; lastKnownFileType = text.plist.xml; path = Info.plist; sourceTree = "<group>"; };
/* End PBXFileReference section */

/* Begin PBXFrameworksBuildPhase section */
		5930DA281DA2A3080060E454 /* Frameworks */ = {
			isa = PBXFrameworksBuildPhase;
			buildActionMask = 2147483647;
			files = (
			);
			runOnlyForDeploymentPostprocessing = 0;
		};
		5930DA3C1DA2A3080060E454 /* Frameworks */ = {
			isa = PBXFrameworksBuildPhase;
			buildActionMask = 2147483647;
			files = (
			);
			runOnlyForDeploymentPostprocessing = 0;
		};
		5930DA471DA2A3080060E454 /* Frameworks */ = {
			isa = PBXFrameworksBuildPhase;
			buildActionMask = 2147483647;
			files = (
			);
			runOnlyForDeploymentPostprocessing = 0;
		};
/* End PBXFrameworksBuildPhase section */

/* Begin PBXGroup section */
		5930DA221DA2A3080060E454 = {
			isa = PBXGroup;
			children = (
				5930DA2D1DA2A3080060E454 /* iMovieWallPaper */,
				5930DA421DA2A3080060E454 /* iMovieWallPaperTests */,
				5930DA4D1DA2A3080060E454 /* iMovieWallPaperUITests */,
				5930DA2C1DA2A3080060E454 /* Products */,
			);
			sourceTree = "<group>";
		};
		5930DA2C1DA2A3080060E454 /* Products */ = {
			isa = PBXGroup;
			children = (
				5930DA2B1DA2A3080060E454 /* iMovieWallPaper.app */,
				5930DA3F1DA2A3080060E454 /* iMovieWallPaperTests.xctest */,
				5930DA4A1DA2A3080060E454 /* iMovieWallPaperUITests.xctest */,
			);
			name = Products;
			sourceTree = "<group>";
		};
		5930DA2D1DA2A3080060E454 /* iMovieWallPaper */ = {
			isa = PBXGroup;
			children = (
				5930DA5C1DA2A3AC0060E454 /* Supporting Files */,
				5930DA301DA2A3080060E454 /* CanvasViewController.swift */,
				591692251DA2ABA8005A158E /* GeneralHelper.swift */,
				5930DA351DA2A3080060E454 /* Assets.xcassets */,
			);
			path = iMovieWallPaper;
			sourceTree = "<group>";
		};
		5930DA421DA2A3080060E454 /* iMovieWallPaperTests */ = {
			isa = PBXGroup;
			children = (
				5930DA431DA2A3080060E454 /* iMovieWallPaperTests.swift */,
				5930DA451DA2A3080060E454 /* Info.plist */,
			);
			path = iMovieWallPaperTests;
			sourceTree = "<group>";
		};
		5930DA4D1DA2A3080060E454 /* iMovieWallPaperUITests */ = {
			isa = PBXGroup;
			children = (
				5930DA4E1DA2A3080060E454 /* iMovieWallPaperUITests.swift */,
				5930DA501DA2A3080060E454 /* Info.plist */,
			);
			path = iMovieWallPaperUITests;
			sourceTree = "<group>";
		};
		5930DA5C1DA2A3AC0060E454 /* Supporting Files */ = {
			isa = PBXGroup;
			children = (
				5930DA2E1DA2A3080060E454 /* AppDelegate.swift */,
				5930DA321DA2A3080060E454 /* Main.storyboard */,
				5930DA371DA2A3080060E454 /* LaunchScreen.storyboard */,
				5930DA3A1DA2A3080060E454 /* Info.plist */,
			);
			name = "Supporting Files";
			sourceTree = "<group>";
		};
/* End PBXGroup section */

/* Begin PBXNativeTarget section */
		5930DA2A1DA2A3080060E454 /* iMovieWallPaper */ = {
			isa = PBXNativeTarget;
			buildConfigurationList = 5930DA531DA2A3080060E454 /* Build configuration list for PBXNativeTarget "iMovieWallPaper" */;
			buildPhases = (
				5930DA271DA2A3080060E454 /* Sources */,
				5930DA281DA2A3080060E454 /* Frameworks */,
				5930DA291DA2A3080060E454 /* Resources */,
			);
			buildRules = (
			);
			dependencies = (
			);
			name = iMovieWallPaper;
			productName = iMovieWallPaper;
			productReference = 5930DA2B1DA2A3080060E454 /* iMovieWallPaper.app */;
			productType = "com.apple.product-type.application";
		};
		5930DA3E1DA2A3080060E454 /* iMovieWallPaperTests */ = {
			isa = PBXNativeTarget;
			buildConfigurationList = 5930DA561DA2A3080060E454 /* Build configuration list for PBXNativeTarget "iMovieWallPaperTests" */;
			buildPhases = (
				5930DA3B1DA2A3080060E454 /* Sources */,
				5930DA3C1DA2A3080060E454 /* Frameworks */,
				5930DA3D1DA2A3080060E454 /* Resources */,
			);
			buildRules = (
			);
			dependencies = (
				5930DA411DA2A3080060E454 /* PBXTargetDependency */,
			);
			name = iMovieWallPaperTests;
			productName = iMovieWallPaperTests;
			productReference = 5930DA3F1DA2A3080060E454 /* iMovieWallPaperTests.xctest */;
			productType = "com.apple.product-type.bundle.unit-test";
		};
		5930DA491DA2A3080060E454 /* iMovieWallPaperUITests */ = {
			isa = PBXNativeTarget;
			buildConfigurationList = 5930DA591DA2A3080060E454 /* Build configuration list for PBXNativeTarget "iMovieWallPaperUITests" */;
			buildPhases = (
				5930DA461DA2A3080060E454 /* Sources */,
				5930DA471DA2A3080060E454 /* Frameworks */,
				5930DA481DA2A3080060E454 /* Resources */,
			);
			buildRules = (
			);
			dependencies = (
				5930DA4C1DA2A3080060E454 /* PBXTargetDependency */,
			);
			name = iMovieWallPaperUITests;
			productName = iMovieWallPaperUITests;
			productReference = 5930DA4A1DA2A3080060E454 /* iMovieWallPaperUITests.xctest */;
			productType = "com.apple.product-type.bundle.ui-testing";
		};
/* End PBXNativeTarget section */

/* Begin PBXProject section */
		5930DA231DA2A3080060E454 /* Project object */ = {
			isa = PBXProject;
			attributes = {
				LastSwiftUpdateCheck = 0800;
				LastUpgradeCheck = 0800;
				ORGANIZATIONNAME = "Park Seyoung";
				TargetAttributes = {
					5930DA2A1DA2A3080060E454 = {
						CreatedOnToolsVersion = 8.0;
						DevelopmentTeam = ES4B789T7A;
						ProvisioningStyle = Automatic;
					};
					5930DA3E1DA2A3080060E454 = {
						CreatedOnToolsVersion = 8.0;
						DevelopmentTeam = ES4B789T7A;
						ProvisioningStyle = Automatic;
						TestTargetID = 5930DA2A1DA2A3080060E454;
					};
					5930DA491DA2A3080060E454 = {
						CreatedOnToolsVersion = 8.0;
						DevelopmentTeam = ES4B789T7A;
						ProvisioningStyle = Automatic;
						TestTargetID = 5930DA2A1DA2A3080060E454;
					};
				};
			};
			buildConfigurationList = 5930DA261DA2A3080060E454 /* Build configuration list for PBXProject "iMovieWallPaper" */;
			compatibilityVersion = "Xcode 3.2";
			developmentRegion = English;
			hasScannedForEncodings = 0;
			knownRegions = (
				en,
				Base,
			);
			mainGroup = 5930DA221DA2A3080060E454;
			productRefGroup = 5930DA2C1DA2A3080060E454 /* Products */;
			projectDirPath = "";
			projectRoot = "";
			targets = (
				5930DA2A1DA2A3080060E454 /* iMovieWallPaper */,
				5930DA3E1DA2A3080060E454 /* iMovieWallPaperTests */,
				5930DA491DA2A3080060E454 /* iMovieWallPaperUITests */,
			);
		};
/* End PBXProject section */

/* Begin PBXResourcesBuildPhase section */
		5930DA291DA2A3080060E454 /* Resources */ = {
			isa = PBXResourcesBuildPhase;
			buildActionMask = 2147483647;
			files = (
				5930DA391DA2A3080060E454 /* LaunchScreen.storyboard in Resources */,
				5930DA361DA2A3080060E454 /* Assets.xcassets in Resources */,
				5930DA341DA2A3080060E454 /* Main.storyboard in Resources */,
			);
			runOnlyForDeploymentPostprocessing = 0;
		};
		5930DA3D1DA2A3080060E454 /* Resources */ = {
			isa = PBXResourcesBuildPhase;
			buildActionMask = 2147483647;
			files = (
			);
			runOnlyForDeploymentPostprocessing = 0;
		};
		5930DA481DA2A3080060E454 /* Resources */ = {
			isa = PBXResourcesBuildPhase;
			buildActionMask = 2147483647;
			files = (
			);
			runOnlyForDeploymentPostprocessing = 0;
		};
/* End PBXResourcesBuildPhase section */

/* Begin PBXSourcesBuildPhase section */
		5930DA271DA2A3080060E454 /* Sources */ = {
			isa = PBXSourcesBuildPhase;
			buildActionMask = 2147483647;
			files = (
				5930DA311DA2A3080060E454 /* CanvasViewController.swift in Sources */,
				5930DA2F1DA2A3080060E454 /* AppDelegate.swift in Sources */,
				591692261DA2ABA8005A158E /* GeneralHelper.swift in Sources */,
			);
			runOnlyForDeploymentPostprocessing = 0;
		};
		5930DA3B1DA2A3080060E454 /* Sources */ = {
			isa = PBXSourcesBuildPhase;
			buildActionMask = 2147483647;
			files = (
				5930DA441DA2A3080060E454 /* iMovieWallPaperTests.swift in Sources */,
			);
			runOnlyForDeploymentPostprocessing = 0;
		};
		5930DA461DA2A3080060E454 /* Sources */ = {
			isa = PBXSourcesBuildPhase;
			buildActionMask = 2147483647;
			files = (
				5930DA4F1DA2A3080060E454 /* iMovieWallPaperUITests.swift in Sources */,
			);
			runOnlyForDeploymentPostprocessing = 0;
		};
/* End PBXSourcesBuildPhase section */

/* Begin PBXTargetDependency section */
		5930DA411DA2A3080060E454 /* PBXTargetDependency */ = {
			isa = PBXTargetDependency;
			target = 5930DA2A1DA2A3080060E454 /* iMovieWallPaper */;
			targetProxy = 5930DA401DA2A3080060E454 /* PBXContainerItemProxy */;
		};
		5930DA4C1DA2A3080060E454 /* PBXTargetDependency */ = {
			isa = PBXTargetDependency;
			target = 5930DA2A1DA2A3080060E454 /* iMovieWallPaper */;
			targetProxy = 5930DA4B1DA2A3080060E454 /* PBXContainerItemProxy */;
		};
/* End PBXTargetDependency section */

/* Begin PBXVariantGroup section */
		5930DA321DA2A3080060E454 /* Main.storyboard */ = {
			isa = PBXVariantGroup;
			children = (
				5930DA331DA2A3080060E454 /* Base */,
			);
			name = Main.storyboard;
			sourceTree = "<group>";
		};
		5930DA371DA2A3080060E454 /* LaunchScreen.storyboard */ = {
			isa = PBXVariantGroup;
			children = (
				5930DA381DA2A3080060E454 /* Base */,
			);
			name = LaunchScreen.storyboard;
			sourceTree = "<group>";
		};
/* End PBXVariantGroup section */

/* Begin XCBuildConfiguration section */
		5930DA511DA2A3080060E454 /* Debug */ = {
			isa = XCBuildConfiguration;
			buildSettings = {
				ALWAYS_SEARCH_USER_PATHS = NO;
				CLANG_ANALYZER_NONNULL = YES;
				CLANG_CXX_LANGUAGE_STANDARD = "gnu++0x";
				CLANG_CXX_LIBRARY = "libc++";
				CLANG_ENABLE_MODULES = YES;
				CLANG_ENABLE_OBJC_ARC = YES;
				CLANG_WARN_BOOL_CONVERSION = YES;
				CLANG_WARN_CONSTANT_CONVERSION = YES;
				CLANG_WARN_DIRECT_OBJC_ISA_USAGE = YES_ERROR;
				CLANG_WARN_DOCUMENTATION_COMMENTS = YES;
				CLANG_WARN_EMPTY_BODY = YES;
				CLANG_WARN_ENUM_CONVERSION = YES;
				CLANG_WARN_INFINITE_RECURSION = YES;
				CLANG_WARN_INT_CONVERSION = YES;
				CLANG_WARN_OBJC_ROOT_CLASS = YES_ERROR;
				CLANG_WARN_SUSPICIOUS_MOVES = YES;
				CLANG_WARN_UNREACHABLE_CODE = YES;
				CLANG_WARN__DUPLICATE_METHOD_MATCH = YES;
				"CODE_SIGN_IDENTITY[sdk=iphoneos*]" = "iPhone Developer";
				COPY_PHASE_STRIP = NO;
				DEBUG_INFORMATION_FORMAT = dwarf;
				ENABLE_STRICT_OBJC_MSGSEND = YES;
				ENABLE_TESTABILITY = YES;
				GCC_C_LANGUAGE_STANDARD = gnu99;
				GCC_DYNAMIC_NO_PIC = NO;
				GCC_NO_COMMON_BLOCKS = YES;
				GCC_OPTIMIZATION_LEVEL = 0;
				GCC_PREPROCESSOR_DEFINITIONS = (
					"DEBUG=1",
					"$(inherited)",
				);
				GCC_WARN_64_TO_32_BIT_CONVERSION = YES;
				GCC_WARN_ABOUT_RETURN_TYPE = YES_ERROR;
				GCC_WARN_UNDECLARED_SELECTOR = YES;
				GCC_WARN_UNINITIALIZED_AUTOS = YES_AGGRESSIVE;
				GCC_WARN_UNUSED_FUNCTION = YES;
				GCC_WARN_UNUSED_VARIABLE = YES;
				IPHONEOS_DEPLOYMENT_TARGET = 10.0;
				MTL_ENABLE_DEBUG_INFO = YES;
				ONLY_ACTIVE_ARCH = YES;
				SDKROOT = iphoneos;
				SWIFT_ACTIVE_COMPILATION_CONDITIONS = DEBUG;
				SWIFT_OPTIMIZATION_LEVEL = "-Onone";
				TARGETED_DEVICE_FAMILY = "1,2";
			};
			name = Debug;
		};
		5930DA521DA2A3080060E454 /* Release */ = {
			isa = XCBuildConfiguration;
			buildSettings = {
				ALWAYS_SEARCH_USER_PATHS = NO;
				CLANG_ANALYZER_NONNULL = YES;
				CLANG_CXX_LANGUAGE_STANDARD = "gnu++0x";
				CLANG_CXX_LIBRARY = "libc++";
				CLANG_ENABLE_MODULES = YES;
				CLANG_ENABLE_OBJC_ARC = YES;
				CLANG_WARN_BOOL_CONVERSION = YES;
				CLANG_WARN_CONSTANT_CONVERSION = YES;
				CLANG_WARN_DIRECT_OBJC_ISA_USAGE = YES_ERROR;
				CLANG_WARN_DOCUMENTATION_COMMENTS = YES;
				CLANG_WARN_EMPTY_BODY = YES;
				CLANG_WARN_ENUM_CONVERSION = YES;
				CLANG_WARN_INFINITE_RECURSION = YES;
				CLANG_WARN_INT_CONVERSION = YES;
				CLANG_WARN_OBJC_ROOT_CLASS = YES_ERROR;
				CLANG_WARN_SUSPICIOUS_MOVES = YES;
				CLANG_WARN_UNREACHABLE_CODE = YES;
				CLANG_WARN__DUPLICATE_METHOD_MATCH = YES;
				"CODE_SIGN_IDENTITY[sdk=iphoneos*]" = "iPhone Developer";
				COPY_PHASE_STRIP = NO;
				DEBUG_INFORMATION_FORMAT = "dwarf-with-dsym";
				ENABLE_NS_ASSERTIONS = NO;
				ENABLE_STRICT_OBJC_MSGSEND = YES;
				GCC_C_LANGUAGE_STANDARD = gnu99;
				GCC_NO_COMMON_BLOCKS = YES;
				GCC_WARN_64_TO_32_BIT_CONVERSION = YES;
				GCC_WARN_ABOUT_RETURN_TYPE = YES_ERROR;
				GCC_WARN_UNDECLARED_SELECTOR = YES;
				GCC_WARN_UNINITIALIZED_AUTOS = YES_AGGRESSIVE;
				GCC_WARN_UNUSED_FUNCTION = YES;
				GCC_WARN_UNUSED_VARIABLE = YES;
				IPHONEOS_DEPLOYMENT_TARGET = 10.0;
				MTL_ENABLE_DEBUG_INFO = NO;
				SDKROOT = iphoneos;
				SWIFT_OPTIMIZATION_LEVEL = "-Owholemodule";
				TARGETED_DEVICE_FAMILY = "1,2";
				VALIDATE_PRODUCT = YES;
			};
			name = Release;
		};
		5930DA541DA2A3080060E454 /* Debug */ = {
			isa = XCBuildConfiguration;
			buildSettings = {
				ASSETCATALOG_COMPILER_APPICON_NAME = AppIcon;
				DEVELOPMENT_TEAM = ES4B789T7A;
				INFOPLIST_FILE = iMovieWallPaper/Info.plist;
				LD_RUNPATH_SEARCH_PATHS = "$(inherited) @executable_path/Frameworks";
				PRODUCT_BUNDLE_IDENTIFIER = com.seyoung.iMovieWallPaper;
				PRODUCT_NAME = "$(TARGET_NAME)";
				SWIFT_VERSION = 3.0;
			};
			name = Debug;
		};
		5930DA551DA2A3080060E454 /* Release */ = {
			isa = XCBuildConfiguration;
			buildSettings = {
				ASSETCATALOG_COMPILER_APPICON_NAME = AppIcon;
				DEVELOPMENT_TEAM = ES4B789T7A;
				INFOPLIST_FILE = iMovieWallPaper/Info.plist;
				LD_RUNPATH_SEARCH_PATHS = "$(inherited) @executable_path/Frameworks";
				PRODUCT_BUNDLE_IDENTIFIER = com.seyoung.iMovieWallPaper;
				PRODUCT_NAME = "$(TARGET_NAME)";
				SWIFT_VERSION = 3.0;
			};
			name = Release;
		};
		5930DA571DA2A3080060E454 /* Debug */ = {
			isa = XCBuildConfiguration;
			buildSettings = {
				ALWAYS_EMBED_SWIFT_STANDARD_LIBRARIES = YES;
				BUNDLE_LOADER = "$(TEST_HOST)";
				DEVELOPMENT_TEAM = ES4B789T7A;
				INFOPLIST_FILE = iMovieWallPaperTests/Info.plist;
				LD_RUNPATH_SEARCH_PATHS = "$(inherited) @executable_path/Frameworks @loader_path/Frameworks";
				PRODUCT_BUNDLE_IDENTIFIER = com.seyoung.iMovieWallPaperTests;
				PRODUCT_NAME = "$(TARGET_NAME)";
				SWIFT_VERSION = 3.0;
				TEST_HOST = "$(BUILT_PRODUCTS_DIR)/iMovieWallPaper.app/iMovieWallPaper";
			};
			name = Debug;
		};
		5930DA581DA2A3080060E454 /* Release */ = {
			isa = XCBuildConfiguration;
			buildSettings = {
				ALWAYS_EMBED_SWIFT_STANDARD_LIBRARIES = YES;
				BUNDLE_LOADER = "$(TEST_HOST)";
				DEVELOPMENT_TEAM = ES4B789T7A;
				INFOPLIST_FILE = iMovieWallPaperTests/Info.plist;
				LD_RUNPATH_SEARCH_PATHS = "$(inherited) @executable_path/Frameworks @loader_path/Frameworks";
				PRODUCT_BUNDLE_IDENTIFIER = com.seyoung.iMovieWallPaperTests;
				PRODUCT_NAME = "$(TARGET_NAME)";
				SWIFT_VERSION = 3.0;
				TEST_HOST = "$(BUILT_PRODUCTS_DIR)/iMovieWallPaper.app/iMovieWallPaper";
			};
			name = Release;
		};
		5930DA5A1DA2A3080060E454 /* Debug */ = {
			isa = XCBuildConfiguration;
			buildSettings = {
				ALWAYS_EMBED_SWIFT_STANDARD_LIBRARIES = YES;
				DEVELOPMENT_TEAM = ES4B789T7A;
				INFOPLIST_FILE = iMovieWallPaperUITests/Info.plist;
				LD_RUNPATH_SEARCH_PATHS = "$(inherited) @executable_path/Frameworks @loader_path/Frameworks";
				PRODUCT_BUNDLE_IDENTIFIER = com.seyoung.iMovieWallPaperUITests;
				PRODUCT_NAME = "$(TARGET_NAME)";
				SWIFT_VERSION = 3.0;
				TEST_TARGET_NAME = iMovieWallPaper;
			};
			name = Debug;
		};
		5930DA5B1DA2A3080060E454 /* Release */ = {
			isa = XCBuildConfiguration;
			buildSettings = {
				ALWAYS_EMBED_SWIFT_STANDARD_LIBRARIES = YES;
				DEVELOPMENT_TEAM = ES4B789T7A;
				INFOPLIST_FILE = iMovieWallPaperUITests/Info.plist;
				LD_RUNPATH_SEARCH_PATHS = "$(inherited) @executable_path/Frameworks @loader_path/Frameworks";
				PRODUCT_BUNDLE_IDENTIFIER = com.seyoung.iMovieWallPaperUITests;
				PRODUCT_NAME = "$(TARGET_NAME)";
				SWIFT_VERSION = 3.0;
				TEST_TARGET_NAME = iMovieWallPaper;
			};
			name = Release;
		};
/* End XCBuildConfiguration section */

/* Begin XCConfigurationList section */
		5930DA261DA2A3080060E454 /* Build configuration list for PBXProject "iMovieWallPaper" */ = {
			isa = XCConfigurationList;
			buildConfigurations = (
				5930DA511DA2A3080060E454 /* Debug */,
				5930DA521DA2A3080060E454 /* Release */,
			);
			defaultConfigurationIsVisible = 0;
			defaultConfigurationName = Release;
		};
		5930DA531DA2A3080060E454 /* Build configuration list for PBXNativeTarget "iMovieWallPaper" */ = {
			isa = XCConfigurationList;
			buildConfigurations = (
				5930DA541DA2A3080060E454 /* Debug */,
				5930DA551DA2A3080060E454 /* Release */,
			);
			defaultConfigurationIsVisible = 0;
			defaultConfigurationName = Release;
		};
		5930DA561DA2A3080060E454 /* Build configuration list for PBXNativeTarget "iMovieWallPaperTests" */ = {
			isa = XCConfigurationList;
			buildConfigurations = (
				5930DA571DA2A3080060E454 /* Debug */,
				5930DA581DA2A3080060E454 /* Release */,
			);
			defaultConfigurationIsVisible = 0;
			defaultConfigurationName = Release;
		};
		5930DA591DA2A3080060E454 /* Build configuration list for PBXNativeTarget "iMovieWallPaperUITests" */ = {
			isa = XCConfigurationList;
			buildConfigurations = (
				5930DA5A1DA2A3080060E454 /* Debug */,
				5930DA5B1DA2A3080060E454 /* Release */,
			);
			defaultConfigurationIsVisible = 0;
			defaultConfigurationName = Release;
		};
/* End XCConfigurationList section */
	};
	rootObject = 5930DA231DA2A3080060E454 /* Project object */;
}
